Microsoft Visual Studio Solution File, Format Version 12.00
# Visual Studio Version 17
VisualStudioVersion = 17.5.2.0
MinimumVisualStudioVersion = 10.0.40219.1
Project("{FAE04EC0-301F-11D3-BF4B-00C04F79EFBC}") = "monivestuserapi", "monivestuserapi.csproj", "{C3C9C2B2-31C4-2744-FCEE-FFC61F6213C6}"
EndProject
Global
	GlobalSection(SolutionConfigurationPlatforms) = preSolution
		Debug|Any CPU = Debug|Any CPU
		Release|Any CPU = Release|Any CPU
	EndGlobalSection
	GlobalSection(ProjectConfigurationPlatforms) = postSolution
		{C3C9C2B2-31C4-2744-FCEE-FFC61F6213C6}.Debug|Any CPU.ActiveCfg = Debug|Any CPU
		{C3C9C2B2-31C4-2744-FCEE-FFC61F6213C6}.Debug|Any CPU.Build.0 = Debug|Any CPU
		{C3C9C2B2-31C4-2744-FCEE-FFC61F6213C6}.Release|Any CPU.ActiveCfg = Release|Any CPU
		{C3C9C2B2-31C4-2744-FCEE-FFC61F6213C6}.Release|Any CPU.Build.0 = Release|Any CPU
	EndGlobalSection
	GlobalSection(SolutionProperties) = preSolution
		HideSolutionNode = FALSE
	EndGlobalSection
	GlobalSection(ExtensibilityGlobals) = postSolution
		SolutionGuid = {2D0360B8-D1B8-48F7-AA21-2BDCB0600594}
	EndGlobalSection
EndGlobal
